
Microsoft Visual Studio Solution File, Format Version 12.00
# Visual Studio Version 17
VisualStudioVersion = 17.7.34202.233
MinimumVisualStudioVersion = 10.0.40219.1
Project("{8BC9CEB8-8B4A-11D0-8D11-00A0C91BC942}") = "CppCLR_WinFormsProject1", "CppCLR_WinFormsProject1\CppCLR_WinFormsProject1.vcxproj", "{75ED46F5-3DB0-4943-B213-63E317A2C198}"
EndProject
Global
	GlobalSection(SolutionConfigurationPlatforms) = preSolution
		Debug|x64 = Debug|x64
		Debug|x86 = Debug|x86
		Release|x64 = Release|x64
		Release|x86 = Release|x86
	EndGlobalSection
	GlobalSection(ProjectConfigurationPlatforms) = postSolution
		{75ED46F5-3DB0-4943-B213-63E317A2C198}.Debug|x64.ActiveCfg = Debug|x64
		{75ED46F5-3DB0-4943-B213-63E317A2C198}.Debug|x64.Build.0 = Debug|x64
		{75ED46F5-3DB0-4943-B213-63E317A2C198}.Debug|x86.ActiveCfg = Debug|Win32
		{75ED46F5-3DB0-4943-B213-63E317A2C198}.Debug|x86.Build.0 = Debug|Win32
		{75ED46F5-3DB0-4943-B213-63E317A2C198}.Release|x64.ActiveCfg = Release|x64
		{75ED46F5-3DB0-4943-B213-63E317A2C198}.Release|x64.Build.0 = Release|x64
		{75ED46F5-3DB0-4943-B213-63E317A2C198}.Release|x86.ActiveCfg = Release|Win32
		{75ED46F5-3DB0-4943-B213-63E317A2C198}.Release|x86.Build.0 = Release|Win32
	EndGlobalSection
	GlobalSection(SolutionProperties) = preSolution
		HideSolutionNode = FALSE
	EndGlobalSection
	GlobalSection(ExtensibilityGlobals) = postSolution
		SolutionGuid = {C54DC9F7-367D-4C1E-9616-7DA85BF567C2}
	EndGlobalSection
EndGlobal
